Microsoft Visual Studio Solution File, Format Version 12.00
# Visual Studio Version 18
VisualStudioVersion = 18.9.12023.133
MinimumVisualStudioVersion = 10.0.40219.1
Project("{2150E333-8FDC-42A3-9474-1A3956D46DE8}") = "Solution Items", "Solution Items", "{79B0AE0A-4D49-4102-9971-04F5375BF272}"
	ProjectSection(SolutionItems) = preProject
		README.md = README.md
	EndProjectSection
EndProject
Project("{8BC9CEB8-8B4A-11D0-8D11-00A0C91BC942}") = "KsDumperDriver", "KsDumperDriver\KsDumperDriver.vcxproj", "{8EADAB93-F111-43AF-9E10-2376AE515491}"
EndProject
Project("{FAE04EC0-301F-11D3-BF4B-00C04F79EFBC}") = "KsDumper11", "KsDumper11\KsDumper11.csproj", "{5A81DFAA-C6D1-63C3-D5E0-B1DCFA2E8A1E}"
EndProject
Project("{FAE04EC0-301F-11D3-BF4B-00C04F79EFBC}") = "DriverInterface", "DriverInterface\DriverInterface.csproj", "{59EFAF28-785D-6ECA-C522-80A3C60F596E}"
EndProject
Global
	GlobalSection(SolutionConfigurationPlatforms) = preSolution
		Debug|Any CPU = Debug|Any CPU
		Debug|x64 = Debug|x64
		Debug|x86 = Debug|x86
		Release|Any CPU = Release|Any CPU
		Release|x64 = Release|x64
		Release|x86 = Release|x86
	EndGlobalSection
	GlobalSection(ProjectConfigurationPlatforms) = postSolution
		{8EADAB93-F111-43AF-9E10-2376AE515491}.Debug|Any CPU.ActiveCfg = Debug|x64
		{8EADAB93-F111-43AF-9E10-2376AE515491}.Debug|Any CPU.Build.0 = Debug|x64
		{8EADAB93-F111-43AF-9E10-2376AE515491}.Debug|Any CPU.Deploy.0 = Debug|x64
		{8EADAB93-F111-43AF-9E10-2376AE515491}.Debug|x64.ActiveCfg = Debug|x64
		{8EADAB93-F111-43AF-9E10-2376AE515491}.Debug|x64.Build.0 = Debug|x64
		{8EADAB93-F111-43AF-9E10-2376AE515491}.Debug|x64.Deploy.0 = Debug|x64
		{8EADAB93-F111-43AF-9E10-2376AE515491}.Debug|x86.ActiveCfg = Debug|x64
		{8EADAB93-F111-43AF-9E10-2376AE515491}.Debug|x86.Build.0 = Debug|x64
		{8EADAB93-F111-43AF-9E10-2376AE515491}.Debug|x86.Deploy.0 = Debug|x64
		{8EADAB93-F111-43AF-9E10-2376AE515491}.Release|Any CPU.ActiveCfg = Release|x64
		{8EADAB93-F111-43AF-9E10-2376AE515491}.Release|Any CPU.Build.0 = Release|x64
		{8EADAB93-F111-43AF-9E10-2376AE515491}.Release|Any CPU.Deploy.0 = Release|x64
		{8EADAB93-F111-43AF-9E10-2376AE515491}.Release|x64.ActiveCfg = Release|x64
		{8EADAB93-F111-43AF-9E10-2376AE515491}.Release|x64.Build.0 = Release|x64
		{8EADAB93-F111-43AF-9E10-2376AE515491}.Release|x64.Deploy.0 = Release|x64
		{8EADAB93-F111-43AF-9E10-2376AE515491}.Release|x86.ActiveCfg = Release|x64
		{8EADAB93-F111-43AF-9E10-2376AE515491}.Release|x86.Build.0 = Release|x64
		{8EADAB93-F111-43AF-9E10-2376AE515491}.Release|x86.Deploy.0 = Release|x64
		{5A81DFAA-C6D1-63C3-D5E0-B1DCFA2E8A1E}.Debug|Any CPU.ActiveCfg = Debug|Any CPU
		{5A81DFAA-C6D1-63C3-D5E0-B1DCFA2E8A1E}.Debug|Any CPU.Build.0 = Debug|Any CPU
		{5A81DFAA-C6D1-63C3-D5E0-B1DCFA2E8A1E}.Debug|x64.ActiveCfg = Debug|x64
		{5A81DFAA-C6D1-63C3-D5E0-B1DCFA2E8A1E}.Debug|x64.Build.0 = Debug|x64
		{5A81DFAA-C6D1-63C3-D5E0-B1DCFA2E8A1E}.Debug|x86.ActiveCfg = Debug|Any CPU
		{5A81DFAA-C6D1-63C3-D5E0-B1DCFA2E8A1E}.Debug|x86.Build.0 = Debug|Any CPU
		{5A81DFAA-C6D1-63C3-D5E0-B1DCFA2E8A1E}.Release|Any CPU.ActiveCfg = Release|Any CPU
		{5A81DFAA-C6D1-63C3-D5E0-B1DCFA2E8A1E}.Release|Any CPU.Build.0 = Release|Any CPU
		{5A81DFAA-C6D1-63C3-D5E0-B1DCFA2E8A1E}.Release|x64.ActiveCfg = Release|x64
		{5A81DFAA-C6D1-63C3-D5E0-B1DCFA2E8A1E}.Release|x64.Build.0 = Release|x64
		{5A81DFAA-C6D1-63C3-D5E0-B1DCFA2E8A1E}.Release|x86.ActiveCfg = Release|Any CPU
		{5A81DFAA-C6D1-63C3-D5E0-B1DCFA2E8A1E}.Release|x86.Build.0 = Release|Any CPU
		{59EFAF28-785D-6ECA-C522-80A3C60F596E}.Debug|Any CPU.ActiveCfg = Debug|Any CPU
		{59EFAF28-785D-6ECA-C522-80A3C60F596E}.Debug|Any CPU.Build.0 = Debug|Any CPU
		{59EFAF28-785D-6ECA-C522-80A3C60F596E}.Debug|x64.ActiveCfg = Debug|x64
		{59EFAF28-785D-6ECA-C522-80A3C60F596E}.Debug|x64.Build.0 = Debug|x64
		{59EFAF28-785D-6ECA-C522-80A3C60F596E}.Debug|x86.ActiveCfg = Debug|Any CPU
		{59EFAF28-785D-6ECA-C522-80A3C60F596E}.Debug|x86.Build.0 = Debug|Any CPU
		{59EFAF28-785D-6ECA-C522-80A3C60F596E}.Release|Any CPU.ActiveCfg = Release|Any CPU
		{59EFAF28-785D-6ECA-C522-80A3C60F596E}.Release|Any CPU.Build.0 = Release|Any CPU
		{59EFAF28-785D-6ECA-C522-80A3C60F596E}.Release|x64.ActiveCfg = Release|x64
		{59EFAF28-785D-6ECA-C522-80A3C60F596E}.Release|x64.Build.0 = Release|x64
		{59EFAF28-785D-6ECA-C522-80A3C60F596E}.Release|x86.ActiveCfg = Release|Any CPU
		{59EFAF28-785D-6ECA-C522-80A3C60F596E}.Release|x86.Build.0 = Release|Any CPU
	EndGlobalSection
	GlobalSection(SolutionProperties) = preSolution
		HideSolutionNode = FALSE
	EndGlobalSection
	GlobalSection(ExtensibilityGlobals) = postSolution
		SolutionGuid = {EBFFF900-7478-45AA-95F6-F453BC9C3035}
	EndGlobalSection
EndGlobal
